
Microsoft Visual Studio Solution File, Format Version 12.00
# Visual Studio Version 16
VisualStudioVersion = 16.0.29006.145
MinimumVisualStudioVersion = 10.0.40219.1
Project("{8BC9CEB8-8B4A-11D0-8D11-00A0C91BC942}") = "Ticket22", "Ticket22\Ticket22.vcxproj", "{61D57A74-2C7B-4766-A69C-E198CDCCFD26}"
EndProject
Global
	GlobalSection(SolutionConfigurationPlatforms) = preSolution
		Debug|x64 = Debug|x64
		Debug|x86 = Debug|x86
		Release|x64 = Release|x64
		Release|x86 = Release|x86
	EndGlobalSection
	GlobalSection(ProjectConfigurationPlatforms) = postSolution
		{61D57A74-2C7B-4766-A69C-E198CDCCFD26}.Debug|x64.ActiveCfg = Debug|x64
		{61D57A74-2C7B-4766-A69C-E198CDCCFD26}.Debug|x64.Build.0 = Debug|x64
		{61D57A74-2C7B-4766-A69C-E198CDCCFD26}.Debug|x86.ActiveCfg = Debug|Win32
		{61D57A74-2C7B-4766-A69C-E198CDCCFD26}.Debug|x86.Build.0 = Debug|Win32
		{61D57A74-2C7B-4766-A69C-E198CDCCFD26}.Release|x64.ActiveCfg = Release|x64
		{61D57A74-2C7B-4766-A69C-E198CDCCFD26}.Release|x64.Build.0 = Release|x64
		{61D57A74-2C7B-4766-A69C-E198CDCCFD26}.Release|x86.ActiveCfg = Release|Win32
		{61D57A74-2C7B-4766-A69C-E198CDCCFD26}.Release|x86.Build.0 = Release|Win32
	EndGlobalSection
	GlobalSection(SolutionProperties) = preSolution
		HideSolutionNode = FALSE
	EndGlobalSection
	GlobalSection(ExtensibilityGlobals) = postSolution
		SolutionGuid = {FE2BDB01-185F-4708-AD24-4463BF680828}
	EndGlobalSection
EndGlobal
