
Microsoft Visual Studio Solution File, Format Version 12.00
# Visual Studio Version 16
VisualStudioVersion = 16.0.29006.145
MinimumVisualStudioVersion = 10.0.40219.1
Project("{8BC9CEB8-8B4A-11D0-8D11-00A0C91BC942}") = "Ticket7", "Ticket7\Ticket7.vcxproj", "{45F77F1C-425E-4018-BBF0-91C0A5E048D8}"
EndProject
Global
	GlobalSection(SolutionConfigurationPlatforms) = preSolution
		Debug|x64 = Debug|x64
		Debug|x86 = Debug|x86
		Release|x64 = Release|x64
		Release|x86 = Release|x86
	EndGlobalSection
	GlobalSection(ProjectConfigurationPlatforms) = postSolution
		{45F77F1C-425E-4018-BBF0-91C0A5E048D8}.Debug|x64.ActiveCfg = Debug|x64
		{45F77F1C-425E-4018-BBF0-91C0A5E048D8}.Debug|x64.Build.0 = Debug|x64
		{45F77F1C-425E-4018-BBF0-91C0A5E048D8}.Debug|x86.ActiveCfg = Debug|Win32
		{45F77F1C-425E-4018-BBF0-91C0A5E048D8}.Debug|x86.Build.0 = Debug|Win32
		{45F77F1C-425E-4018-BBF0-91C0A5E048D8}.Release|x64.ActiveCfg = Release|x64
		{45F77F1C-425E-4018-BBF0-91C0A5E048D8}.Release|x64.Build.0 = Release|x64
		{45F77F1C-425E-4018-BBF0-91C0A5E048D8}.Release|x86.ActiveCfg = Release|Win32
		{45F77F1C-425E-4018-BBF0-91C0A5E048D8}.Release|x86.Build.0 = Release|Win32
	EndGlobalSection
	GlobalSection(SolutionProperties) = preSolution
		HideSolutionNode = FALSE
	EndGlobalSection
	GlobalSection(ExtensibilityGlobals) = postSolution
		SolutionGuid = {710276C1-6213-43B3-B1E0-ABA0D1B24BCC}
	EndGlobalSection
EndGlobal
